// !$*UTF8*$!
{
	archiveVersion = 1;
	classes = {
	};
	objectVersion = 56;
	objects = {

/* Begin PBXBuildFile section */
		603746DE2AD2B4C20033ECFD /* WeatherModel.swift in Sources */ = {isa = PBXBuildFile; fileRef = 603746DD2AD2B4C20033ECFD /* WeatherModel.swift */; };
		603746E22AD2C23A0033ECFD /* WeatherHeaderView.swift in Sources */ = {isa = PBXBuildFile; fileRef = 603746E12AD2C23A0033ECFD /* WeatherHeaderView.swift */; };
		604B70DE2ADC2A2A0076EC2E /* TimeCustomText.swift in Sources */ = {isa = PBXBuildFile; fileRef = 604B70DD2ADC2A2A0076EC2E /* TimeCustomText.swift */; };
		60725AC02AD95A72006205EC /* Helvetica LT Light.ttf in Resources */ = {isa = PBXBuildFile; fileRef = 60725ABF2AD95A72006205EC /* Helvetica LT Light.ttf */; };
		60725AC42AD96143006205EC /* AppFont.swift in Sources */ = {isa = PBXBuildFile; fileRef = 60725AC32AD96143006205EC /* AppFont.swift */; };
		609775482ACD6ABB002DF8DA /* MyWeatherChannelApp.swift in Sources */ = {isa = PBXBuildFile; fileRef = 609775472ACD6ABB002DF8DA /* MyWeatherChannelApp.swift */; };
		6097754A2ACD6ABB002DF8DA /* WeatherView.swift in Sources */ = {isa = PBXBuildFile; fileRef = 609775492ACD6ABB002DF8DA /* WeatherView.swift */; };
		6097754C2ACD6ABD002DF8DA /* Assets.xcassets in Resources */ = {isa = PBXBuildFile; fileRef = 6097754B2ACD6ABD002DF8DA /* Assets.xcassets */; };
		6097754F2ACD6ABD002DF8DA /* Preview Assets.xcassets in Resources */ = {isa = PBXBuildFile; fileRef = 6097754E2ACD6ABD002DF8DA /* Preview Assets.xcassets */; };
/* End PBXBuildFile section */

/* Begin PBXFileReference section */
		603746DD2AD2B4C20033ECFD /* WeatherModel.swift */ = {isa = PBXFileReference; lastKnownFileType = sourcecode.swift; path = WeatherModel.swift; sourceTree = "<group>"; };
		603746E12AD2C23A0033ECFD /* WeatherHeaderView.swift */ = {isa = PBXFileReference; lastKnownFileType = sourcecode.swift; path = WeatherHeaderView.swift; sourceTree = "<group>"; };
		604B70DD2ADC2A2A0076EC2E /* TimeCustomText.swift */ = {isa = PBXFileReference; lastKnownFileType = sourcecode.swift; path = TimeCustomText.swift; sourceTree = "<group>"; };
		60725ABF2AD95A72006205EC /* Helvetica LT Light.ttf */ = {isa = PBXFileReference; lastKnownFileType = file; path = "Helvetica LT Light.ttf"; sourceTree = "<group>"; };
		60725AC12AD95E49006205EC /* Info.plist */ = {isa = PBXFileReference; lastKnownFileType = text.plist; path = Info.plist; sourceTree = "<group>"; };
		60725AC32AD96143006205EC /* AppFont.swift */ = {isa = PBXFileReference; lastKnownFileType = sourcecode.swift; path = AppFont.swift; sourceTree = "<group>"; };
		609775442ACD6ABB002DF8DA /* MyWeatherChannel.app */ = {isa = PBXFileReference; explicitFileType = wrapper.application; includeInIndex = 0; path = MyWeatherChannel.app; sourceTree = BUILT_PRODUCTS_DIR; };
		609775472ACD6ABB002DF8DA /* MyWeatherChannelApp.swift */ = {isa = PBXFileReference; lastKnownFileType = sourcecode.swift; path = MyWeatherChannelApp.swift; sourceTree = "<group>"; };
		609775492ACD6ABB002DF8DA /* WeatherView.swift */ = {isa = PBXFileReference; lastKnownFileType = sourcecode.swift; path = WeatherView.swift; sourceTree = "<group>"; };
		6097754B2ACD6ABD002DF8DA /* Assets.xcassets */ = {isa = PBXFileReference; lastKnownFileType = folder.assetcatalog; path = Assets.xcassets; sourceTree = "<group>"; };
		6097754E2ACD6ABD002DF8DA /* Preview Assets.xcassets */ = {isa = PBXFileReference; lastKnownFileType = folder.assetcatalog; path = "Preview Assets.xcassets"; sourceTree = "<group>"; };
/* End PBXFileReference section */

/* Begin PBXFrameworksBuildPhase section */
		609775412ACD6ABB002DF8DA /* Frameworks */ = {
			isa = PBXFrameworksBuildPhase;
			buildActionMask = 2147483647;
			files = (
			);
			runOnlyForDeploymentPostprocessing = 0;
		};
/* End PBXFrameworksBuildPhase section */

/* Begin PBXGroup section */
		603746DA2AD292B50033ECFD /* Model */ = {
			isa = PBXGroup;
			children = (
				603746DD2AD2B4C20033ECFD /* WeatherModel.swift */,
			);
			path = Model;
			sourceTree = "<group>";
		};
		603746DB2AD292CF0033ECFD /* View */ = {
			isa = PBXGroup;
			children = (
				609775492ACD6ABB002DF8DA /* WeatherView.swift */,
				603746E12AD2C23A0033ECFD /* WeatherHeaderView.swift */,
				604B70DD2ADC2A2A0076EC2E /* TimeCustomText.swift */,
			);
			path = View;
			sourceTree = "<group>";
		};
		60725ABD2AD95A72006205EC /* Resources */ = {
			isa = PBXGroup;
			children = (
				60725ABE2AD95A72006205EC /* Fonts */,
			);
			path = Resources;
			sourceTree = "<group>";
		};
		60725ABE2AD95A72006205EC /* Fonts */ = {
			isa = PBXGroup;
			children = (
				60725ABF2AD95A72006205EC /* Helvetica LT Light.ttf */,
			);
			path = Fonts;
			sourceTree = "<group>";
		};
		60725AC22AD960ED006205EC /* HelperClasses */ = {
			isa = PBXGroup;
			children = (
				60725AC32AD96143006205EC /* AppFont.swift */,
			);
			path = HelperClasses;
			sourceTree = "<group>";
		};
		6097753B2ACD6ABB002DF8DA = {
			isa = PBXGroup;
			children = (
				609775462ACD6ABB002DF8DA /* MyWeatherChannel */,
				609775452ACD6ABB002DF8DA /* Products */,
			);
			sourceTree = "<group>";
		};
		609775452ACD6ABB002DF8DA /* Products */ = {
			isa = PBXGroup;
			children = (
				609775442ACD6ABB002DF8DA /* MyWeatherChannel.app */,
			);
			name = Products;
			sourceTree = "<group>";
		};
		609775462ACD6ABB002DF8DA /* MyWeatherChannel */ = {
			isa = PBXGroup;
			children = (
				60725AC12AD95E49006205EC /* Info.plist */,
				60725ABD2AD95A72006205EC /* Resources */,
				60725AC22AD960ED006205EC /* HelperClasses */,
				603746DA2AD292B50033ECFD /* Model */,
				603746DB2AD292CF0033ECFD /* View */,
				609775472ACD6ABB002DF8DA /* MyWeatherChannelApp.swift */,
				6097754B2ACD6ABD002DF8DA /* Assets.xcassets */,
				6097754D2ACD6ABD002DF8DA /* Preview Content */,
			);
			path = MyWeatherChannel;
			sourceTree = "<group>";
		};
		6097754D2ACD6ABD002DF8DA /* Preview Content */ = {
			isa = PBXGroup;
			children = (
				6097754E2ACD6ABD002DF8DA /* Preview Assets.xcassets */,
			);
			path = "Preview Content";
			sourceTree = "<group>";
		};
/* End PBXGroup section */

/* Begin PBXNativeTarget section */
		609775432ACD6ABB002DF8DA /* MyWeatherChannel */ = {
			isa = PBXNativeTarget;
			buildConfigurationList = 609775522ACD6ABD002DF8DA /* Build configuration list for PBXNativeTarget "MyWeatherChannel" */;
			buildPhases = (
				609775402ACD6ABB002DF8DA /* Sources */,
				609775412ACD6ABB002DF8DA /* Frameworks */,
				609775422ACD6ABB002DF8DA /* Resources */,
			);
			buildRules = (
			);
			dependencies = (
			);
			name = MyWeatherChannel;
			productName = MyWeatherChannel;
			productReference = 609775442ACD6ABB002DF8DA /* MyWeatherChannel.app */;
			productType = "com.apple.product-type.application";
		};
/* End PBXNativeTarget section */

/* Begin PBXProject section */
		6097753C2ACD6ABB002DF8DA /* Project object */ = {
			isa = PBXProject;
			attributes = {
				BuildIndependentTargetsInParallel = 1;
				LastSwiftUpdateCheck = 1500;
				LastUpgradeCheck = 1500;
				TargetAttributes = {
					609775432ACD6ABB002DF8DA = {
						CreatedOnToolsVersion = 15.0;
					};
				};
			};
			buildConfigurationList = 6097753F2ACD6ABB002DF8DA /* Build configuration list for PBXProject "MyWeatherChannel" */;
			compatibilityVersion = "Xcode 14.0";
			developmentRegion = en;
			hasScannedForEncodings = 0;
			knownRegions = (
				en,
				Base,
			);
			mainGroup = 6097753B2ACD6ABB002DF8DA;
			productRefGroup = 609775452ACD6ABB002DF8DA /* Products */;
			projectDirPath = "";
			projectRoot = "";
			targets = (
				609775432ACD6ABB002DF8DA /* MyWeatherChannel */,
			);
		};
/* End PBXProject section */

/* Begin PBXResourcesBuildPhase section */
		609775422ACD6ABB002DF8DA /* Resources */ = {
			isa = PBXResourcesBuildPhase;
			buildActionMask = 2147483647;
			files = (
				6097754F2ACD6ABD002DF8DA /* Preview Assets.xcassets in Resources */,
				60725AC02AD95A72006205EC /* Helvetica LT Light.ttf in Resources */,
				6097754C2ACD6ABD002DF8DA /* Assets.xcassets in Resources */,
			);
			runOnlyForDeploymentPostprocessing = 0;
		};
/* End PBXResourcesBuildPhase section */

/* Begin PBXSourcesBuildPhase section */
		609775402ACD6ABB002DF8DA /* Sources */ = {
			isa = PBXSourcesBuildPhase;
			buildActionMask = 2147483647;
			files = (
				6097754A2ACD6ABB002DF8DA /* WeatherView.swift in Sources */,
				60725AC42AD96143006205EC /* AppFont.swift in Sources */,
				603746DE2AD2B4C20033ECFD /* WeatherModel.swift in Sources */,
				603746E22AD2C23A0033ECFD /* WeatherHeaderView.swift in Sources */,
				604B70DE2ADC2A2A0076EC2E /* TimeCustomText.swift in Sources */,
				609775482ACD6ABB002DF8DA /* MyWeatherChannelApp.swift in Sources */,
			);
			runOnlyForDeploymentPostprocessing = 0;
		};
/* End PBXSourcesBuildPhase section */

/* Begin XCBuildConfiguration section */
		609775502ACD6ABD002DF8DA /* Debug */ = {
			isa = XCBuildConfiguration;
			buildSettings = {
				ALWAYS_SEARCH_USER_PATHS = NO;
				ASSETCATALOG_COMPILER_GENERATE_SWIFT_ASSET_SYMBOL_EXTENSIONS = YES;
				CLANG_ANALYZER_NONNULL = YES;
				CLANG_ANALYZER_NUMBER_OBJECT_CONVERSION = YES_AGGRESSIVE;
				CLANG_CXX_LANGUAGE_STANDARD = "gnu++20";
				CLANG_ENABLE_MODULES = YES;
				CLANG_ENABLE_OBJC_ARC = YES;
				CLANG_ENABLE_OBJC_WEAK = YES;
				CLANG_WARN_BLOCK_CAPTURE_AUTORELEASING = YES;
				CLANG_WARN_BOOL_CONVERSION = YES;
				CLANG_WARN_COMMA = YES;
				CLANG_WARN_CONSTANT_CONVERSION = YES;
				CLANG_WARN_DEPRECATED_OBJC_IMPLEMENTATIONS = YES;
				CLANG_WARN_DIRECT_OBJC_ISA_USAGE = YES_ERROR;
				CLANG_WARN_DOCUMENTATION_COMMENTS = YES;
				CLANG_WARN_EMPTY_BODY = YES;
				CLANG_WARN_ENUM_CONVERSION = YES;
				CLANG_WARN_INFINITE_RECURSION = YES;
				CLANG_WARN_INT_CONVERSION = YES;
				CLANG_WARN_NON_LITERAL_NULL_CONVERSION = YES;
				CLANG_WARN_OBJC_IMPLICIT_RETAIN_SELF = YES;
				CLANG_WARN_OBJC_LITERAL_CONVERSION = YES;
				CLANG_WARN_OBJC_ROOT_CLASS = YES_ERROR;
				CLANG_WARN_QUOTED_INCLUDE_IN_FRAMEWORK_HEADER = YES;
				CLANG_WARN_RANGE_LOOP_ANALYSIS = YES;
				CLANG_WARN_STRICT_PROTOTYPES = YES;
				CLANG_WARN_SUSPICIOUS_MOVE = YES;
				CLANG_WARN_UNGUARDED_AVAILABILITY = YES_AGGRESSIVE;
				CLANG_WARN_UNREACHABLE_CODE = YES;
				CLANG_WARN__DUPLICATE_METHOD_MATCH = YES;
				COPY_PHASE_STRIP = NO;
				DEBUG_INFORMATION_FORMAT = dwarf;
				ENABLE_STRICT_OBJC_MSGSEND = YES;
				ENABLE_TESTABILITY = YES;
				ENABLE_USER_SCRIPT_SANDBOXING = YES;
				GCC_C_LANGUAGE_STANDARD = gnu17;
				GCC_DYNAMIC_NO_PIC = NO;
				GCC_NO_COMMON_BLOCKS = YES;
				GCC_OPTIMIZATION_LEVEL = 0;
				GCC_PREPROCESSOR_DEFINITIONS = (
					"DEBUG=1",
					"$(inherited)",
				);
				GCC_WARN_64_TO_32_BIT_CONVERSION = YES;
				GCC_WARN_ABOUT_RETURN_TYPE = YES_ERROR;
				GCC_WARN_UNDECLARED_SELECTOR = YES;
				GCC_WARN_UNINITIALIZED_AUTOS = YES_AGGRESSIVE;
				GCC_WARN_UNUSED_FUNCTION = YES;
				GCC_WARN_UNUSED_VARIABLE = YES;
				IPHONEOS_DEPLOYMENT_TARGET = 17.0;
				LOCALIZATION_PREFERS_STRING_CATALOGS = YES;
				MTL_ENABLE_DEBUG_INFO = INCLUDE_SOURCE;
				MTL_FAST_MATH = YES;
				ONLY_ACTIVE_ARCH = YES;
				SDKROOT = iphoneos;
				SWIFT_ACTIVE_COMPILATION_CONDITIONS = "DEBUG $(inherited)";
				SWIFT_OPTIMIZATION_LEVEL = "-Onone";
			};
			name = Debug;
		};
		609775512ACD6ABD002DF8DA /* Release */ = {
			isa = XCBuildConfiguration;
			buildSettings = {
				ALWAYS_SEARCH_USER_PATHS = NO;
				ASSETCATALOG_COMPILER_GENERATE_SWIFT_ASSET_SYMBOL_EXTENSIONS = YES;
				CLANG_ANALYZER_NONNULL = YES;
				CLANG_ANALYZER_NUMBER_OBJECT_CONVERSION = YES_AGGRESSIVE;
				CLANG_CXX_LANGUAGE_STANDARD = "gnu++20";
				CLANG_ENABLE_MODULES = YES;
				CLANG_ENABLE_OBJC_ARC = YES;
				CLANG_ENABLE_OBJC_WEAK = YES;
				CLANG_WARN_BLOCK_CAPTURE_AUTORELEASING = YES;
				CLANG_WARN_BOOL_CONVERSION = YES;
				CLANG_WARN_COMMA = YES;
				CLANG_WARN_CONSTANT_CONVERSION = YES;
				CLANG_WARN_DEPRECATED_OBJC_IMPLEMENTATIONS = YES;
				CLANG_WARN_DIRECT_OBJC_ISA_USAGE = YES_ERROR;
				CLANG_WARN_DOCUMENTATION_COMMENTS = YES;
				CLANG_WARN_EMPTY_BODY = YES;
				CLANG_WARN_ENUM_CONVERSION = YES;
				CLANG_WARN_INFINITE_RECURSION = YES;
				CLANG_WARN_INT_CONVERSION = YES;
				CLANG_WARN_NON_LITERAL_NULL_CONVERSION = YES;
				CLANG_WARN_OBJC_IMPLICIT_RETAIN_SELF = YES;
				CLANG_WARN_OBJC_LITERAL_CONVERSION = YES;
				CLANG_WARN_OBJC_ROOT_CLASS = YES_ERROR;
				CLANG_WARN_QUOTED_INCLUDE_IN_FRAMEWORK_HEADER = YES;
				CLANG_WARN_RANGE_LOOP_ANALYSIS = YES;
				CLANG_WARN_STRICT_PROTOTYPES = YES;
				CLANG_WARN_SUSPICIOUS_MOVE = YES;
				CLANG_WARN_UNGUARDED_AVAILABILITY = YES_AGGRESSIVE;
				CLANG_WARN_UNREACHABLE_CODE = YES;
				CLANG_WARN__DUPLICATE_METHOD_MATCH = YES;
				COPY_PHASE_STRIP = NO;
				DEBUG_INFORMATION_FORMAT = "dwarf-with-dsym";
				ENABLE_NS_ASSERTIONS = NO;
				ENABLE_STRICT_OBJC_MSGSEND = YES;
				ENABLE_USER_SCRIPT_SANDBOXING = YES;
				GCC_C_LANGUAGE_STANDARD = gnu17;
				GCC_NO_COMMON_BLOCKS = YES;
				GCC_WARN_64_TO_32_BIT_CONVERSION = YES;
				GCC_WARN_ABOUT_RETURN_TYPE = YES_ERROR;
				GCC_WARN_UNDECLARED_SELECTOR = YES;
				GCC_WARN_UNINITIALIZED_AUTOS = YES_AGGRESSIVE;
				GCC_WARN_UNUSED_FUNCTION = YES;
				GCC_WARN_UNUSED_VARIABLE = YES;
				IPHONEOS_DEPLOYMENT_TARGET = 17.0;
				LOCALIZATION_PREFERS_STRING_CATALOGS = YES;
				MTL_ENABLE_DEBUG_INFO = NO;
				MTL_FAST_MATH = YES;
				SDKROOT = iphoneos;
				SWIFT_COMPILATION_MODE = wholemodule;
				VALIDATE_PRODUCT = YES;
			};
			name = Release;
		};
		609775532ACD6ABD002DF8DA /* Debug */ = {
			isa = XCBuildConfiguration;
			buildSettings = {
				ASSETCATALOG_COMPILER_APPICON_NAME = AppIcon;
				ASSETCATALOG_COMPILER_GLOBAL_ACCENT_COLOR_NAME = AccentColor;
				CODE_SIGN_IDENTITY = "Apple Development";
				CODE_SIGN_STYLE = Automatic;
				CURRENT_PROJECT_VERSION = 1;
				DEVELOPMENT_ASSET_PATHS = "\"MyWeatherChannel/Preview Content\"";
				DEVELOPMENT_TEAM = "";
				ENABLE_PREVIEWS = YES;
				GENERATE_INFOPLIST_FILE = YES;
				INFOPLIST_FILE = MyWeatherChannel/Info.plist;
				INFOPLIST_KEY_UIApplicationSceneManifest_Generation = YES;
				INFOPLIST_KEY_UIApplicationSupportsIndirectInputEvents = YES;
				INFOPLIST_KEY_UILaunchScreen_Generation = YES;
				INFOPLIST_KEY_UISupportedInterfaceOrientations_iPad = "UIInterfaceOrientationPortrait UIInterfaceOrientationPortraitUpsideDown UIInterfaceOrientationLandscapeLeft UIInterfaceOrientationLandscapeRight";
				INFOPLIST_KEY_UISupportedInterfaceOrientations_iPhone = "UIInterfaceOrientationPortrait UIInterfaceOrientationLandscapeLeft UIInterfaceOrientationLandscapeRight";
				LD_RUNPATH_SEARCH_PATHS = (
					"$(inherited)",
					"@executable_path/Frameworks",
				);
				MARKETING_VERSION = 1.0;
				PRODUCT_BUNDLE_IDENTIFIER = com.mycompany.MyWeatherChannel;
				PRODUCT_NAME = "$(TARGET_NAME)";
				PROVISIONING_PROFILE_SPECIFIER = "";
				SWIFT_EMIT_LOC_STRINGS = YES;
				SWIFT_VERSION = 5.0;
				TARGETED_DEVICE_FAMILY = "1,2";
			};
			name = Debug;
		};
		609775542ACD6ABD002DF8DA /* Release */ = {
			isa = XCBuildConfiguration;
			buildSettings = {
				ASSETCATALOG_COMPILER_APPICON_NAME = AppIcon;
				ASSETCATALOG_COMPILER_GLOBAL_ACCENT_COLOR_NAME = AccentColor;
				CODE_SIGN_IDENTITY = "Apple Development";
				CODE_SIGN_STYLE = Automatic;
				CURRENT_PROJECT_VERSION = 1;
				DEVELOPMENT_ASSET_PATHS = "\"MyWeatherChannel/Preview Content\"";
				DEVELOPMENT_TEAM = "";
				ENABLE_PREVIEWS = YES;
				GENERATE_INFOPLIST_FILE = YES;
				INFOPLIST_FILE = MyWeatherChannel/Info.plist;
				INFOPLIST_KEY_UIApplicationSceneManifest_Generation = YES;
				INFOPLIST_KEY_UIApplicationSupportsIndirectInputEvents = YES;
				INFOPLIST_KEY_UILaunchScreen_Generation = YES;
				INFOPLIST_KEY_UISupportedInterfaceOrientations_iPad = "UIInterfaceOrientationPortrait UIInterfaceOrientationPortraitUpsideDown UIInterfaceOrientationLandscapeLeft UIInterfaceOrientationLandscapeRight";
				INFOPLIST_KEY_UISupportedInterfaceOrientations_iPhone = "UIInterfaceOrientationPortrait UIInterfaceOrientationLandscapeLeft UIInterfaceOrientationLandscapeRight";
				LD_RUNPATH_SEARCH_PATHS = (
					"$(inherited)",
					"@executable_path/Frameworks",
				);
				MARKETING_VERSION = 1.0;
				PRODUCT_BUNDLE_IDENTIFIER = com.mycompany.MyWeatherChannel;
				PRODUCT_NAME = "$(TARGET_NAME)";
				PROVISIONING_PROFILE_SPECIFIER = "";
				SWIFT_EMIT_LOC_STRINGS = YES;
				SWIFT_VERSION = 5.0;
				TARGETED_DEVICE_FAMILY = "1,2";
			};
			name = Release;
		};
/* End XCBuildConfiguration section */

/* Begin XCConfigurationList section */
		6097753F2ACD6ABB002DF8DA /* Build configuration list for PBXProject "MyWeatherChannel" */ = {
			isa = XCConfigurationList;
			buildConfigurations = (
				609775502ACD6ABD002DF8DA /* Debug */,
				609775512ACD6ABD002DF8DA /* Release */,
			);
			defaultConfigurationIsVisible = 0;
			defaultConfigurationName = Release;
		};
		609775522ACD6ABD002DF8DA /* Build configuration list for PBXNativeTarget "MyWeatherChannel" */ = {
			isa = XCConfigurationList;
			buildConfigurations = (
				609775532ACD6ABD002DF8DA /* Debug */,
				609775542ACD6ABD002DF8DA /* Release */,
			);
			defaultConfigurationIsVisible = 0;
			defaultConfigurationName = Release;
		};
/* End XCConfigurationList section */
	};
	rootObject = 6097753C2ACD6ABB002DF8DA /* Project object */;
}
